
Microsoft Visual Studio Solution File, Format Version 12.00
# Visual Studio 14
VisualStudioVersion = 14.0.23107.0
MinimumVisualStudioVersion = 10.0.40219.1
Project("{FAE04EC0-301F-11D3-BF4B-00C04F79EFBC}") = "ChatterBox.Server", "ChatterBox.Server\ChatterBox.Server.csproj", "{6B237D83-603C-42AF-AABE-9A8013EF1805}"
EndProject
Project("{FAE04EC0-301F-11D3-BF4B-00C04F79EFBC}") = "ChatterBox.Client.Console", "ChatterBox.Client.Console\ChatterBox.Client.Console.csproj", "{6FEB923E-1234-4711-A3C2-B976C3AAC70D}"
EndProject
Project("{FAE04EC0-301F-11D3-BF4B-00C04F79EFBC}") = "ChatterBox.Client.Universal", "ChatterBox.Client.Universal\ChatterBox.Client.Universal.csproj", "{5D50B044-36E9-4DA8-8A0B-033D7E575EEA}"
EndProject
Project("{2150E333-8FDC-42A3-9474-1A3956D46DE8}") = "Server", "Server", "{ACDE7462-3C55-4C60-B24C-7F81D4853749}"
EndProject
Project("{2150E333-8FDC-42A3-9474-1A3956D46DE8}") = "Client", "Client", "{3E40FA14-1992-423F-BFE4-25B36A3B19BB}"
EndProject
Project("{D954291E-2A0B-460D-934E-DC6B0785DB48}") = "ChatterBox.Client.Presentation.Shared", "ChatterBox.Client.Presentation.Shared\ChatterBox.Client.Presentation.Shared.shproj", "{AC970352-5290-4C78-8368-9A0C230F5688}"
EndProject
Project("{2150E333-8FDC-42A3-9474-1A3956D46DE8}") = "Console", "Console", "{FB3E9470-91D9-4799-9C29-4264278BC222}"
EndProject
Project("{2150E333-8FDC-42A3-9474-1A3956D46DE8}") = "Universal", "Universal", "{5FADF291-CCF7-43C0-8578-54C745B509F0}"
EndProject
Project("{2150E333-8FDC-42A3-9474-1A3956D46DE8}") = "Win8.1", "Win8.1", "{9CFEC98A-4DE7-4234-917D-F56A1695B726}"
EndProject
Project("{FAE04EC0-301F-11D3-BF4B-00C04F79EFBC}") = "ChatterBox.Common.Communication", "ChatterBox.Common.Communication\ChatterBox.Common.Communication.csproj", "{5EE2034E-0977-42B0-8F9D-5F65BDACCFF4}"
EndProject
Project("{D954291E-2A0B-460D-934E-DC6B0785DB48}") = "ChatterBox.Common.Communication.Shared", "ChatterBox.Common.Communication.Shared\ChatterBox.Common.Communication.Shared.shproj", "{2093A3A2-0046-49EB-9E30-9E29D517606C}"
EndProject
Project("{2150E333-8FDC-42A3-9474-1A3956D46DE8}") = "Common", "Common", "{07901360-FF94-405E-A999-6CF77AD604A8}"
EndProject
Project("{FAE04EC0-301F-11D3-BF4B-00C04F79EFBC}") = "ChatterBox.Client.Win8dot1", "ChatterBox.Client.Win8dot1\ChatterBox.Client.Win8dot1.csproj", "{CF1CD0D5-BF6B-457A-9927-8079FC667CA4}"
EndProject
Project("{FAE04EC0-301F-11D3-BF4B-00C04F79EFBC}") = "ChatterBox.Client.Universal.Background", "ChatterBox.Client.Universal.Background\ChatterBox.Client.Universal.Background.csproj", "{626BEE3A-EB2F-415F-9E30-9AAF6B9C430A}"
EndProject
Project("{FAE04EC0-301F-11D3-BF4B-00C04F79EFBC}") = "ChatterBox.Client.Common", "ChatterBox.Client.Common\ChatterBox.Client.Common.csproj", "{9E96F63A-7E37-4F90-B9A2-93DA25E663A1}"
EndProject
Project("{D954291E-2A0B-460D-934E-DC6B0785DB48}") = "ChatterBox.Client.Voip", "ChatterBox.Client.Voip\ChatterBox.Client.Voip.shproj", "{66496392-9237-4C6D-A9D2-F64F7CB46715}"
EndProject
Project("{8BC9CEB8-8B4A-11D0-8D11-00A0C91BC942}") = "BackgroundHost", "BackgroundHost\BackgroundHost.vcxproj", "{4497E847-8611-4545-BDBE-CE9744C7013C}"
EndProject
Global
	GlobalSection(SharedMSBuildProjectFiles) = preSolution
		ChatterBox.Common.Communication.Shared\ChatterBox.Common.Communication.Shared.projitems*{6b237d83-603c-42af-aabe-9a8013ef1805}*SharedItemsImports = 4
		ChatterBox.Common.Communication.Shared\ChatterBox.Common.Communication.Shared.projitems*{2093a3a2-0046-49eb-9e30-9e29d517606c}*SharedItemsImports = 13
		ChatterBox.Common.Communication.Shared\ChatterBox.Common.Communication.Shared.projitems*{6feb923e-1234-4711-a3c2-b976c3aac70d}*SharedItemsImports = 4
		ChatterBox.Client.Presentation.Shared\ChatterBox.Client.Presentation.Shared.projitems*{cf1cd0d5-bf6b-457a-9927-8079fc667ca4}*SharedItemsImports = 4
		ChatterBox.Client.Voip\ChatterBox.Client.Voip.projitems*{66496392-9237-4c6d-a9d2-f64f7cb46715}*SharedItemsImports = 13
		ChatterBox.Common.Communication.Shared\ChatterBox.Common.Communication.Shared.projitems*{5ee2034e-0977-42b0-8f9d-5f65bdaccff4}*SharedItemsImports = 4
		ChatterBox.Client.Voip\ChatterBox.Client.Voip.projitems*{626bee3a-eb2f-415f-9e30-9aaf6b9c430a}*SharedItemsImports = 4
		ChatterBox.Client.Presentation.Shared\ChatterBox.Client.Presentation.Shared.projitems*{ac970352-5290-4c78-8368-9a0c230f5688}*SharedItemsImports = 13
		ChatterBox.Client.Presentation.Shared\ChatterBox.Client.Presentation.Shared.projitems*{5d50b044-36e9-4da8-8a0b-033d7e575eea}*SharedItemsImports = 4
	EndGlobalSection
	GlobalSection(SolutionConfigurationPlatforms) = preSolution
		Debug|Any CPU = Debug|Any CPU
		Debug|ARM = Debug|ARM
		Debug|x64 = Debug|x64
		Debug|x86 = Debug|x86
		Release|Any CPU = Release|Any CPU
		Release|ARM = Release|ARM
		Release|x64 = Release|x64
		Release|x86 = Release|x86
	EndGlobalSection
	GlobalSection(ProjectConfigurationPlatforms) = postSolution
		{6B237D83-603C-42AF-AABE-9A8013EF1805}.Debug|Any CPU.ActiveCfg = Debug|Any CPU
		{6B237D83-603C-42AF-AABE-9A8013EF1805}.Debug|Any CPU.Build.0 = Debug|Any CPU
		{6B237D83-603C-42AF-AABE-9A8013EF1805}.Debug|ARM.ActiveCfg = Debug|Any CPU
		{6B237D83-603C-42AF-AABE-9A8013EF1805}.Debug|ARM.Build.0 = Debug|Any CPU
		{6B237D83-603C-42AF-AABE-9A8013EF1805}.Debug|x64.ActiveCfg = Debug|Any CPU
		{6B237D83-603C-42AF-AABE-9A8013EF1805}.Debug|x64.Build.0 = Debug|Any CPU
		{6B237D83-603C-42AF-AABE-9A8013EF1805}.Debug|x86.ActiveCfg = Debug|Any CPU
		{6B237D83-603C-42AF-AABE-9A8013EF1805}.Debug|x86.Build.0 = Debug|Any CPU
		{6B237D83-603C-42AF-AABE-9A8013EF1805}.Release|Any CPU.ActiveCfg = Release|Any CPU
		{6B237D83-603C-42AF-AABE-9A8013EF1805}.Release|Any CPU.Build.0 = Release|Any CPU
		{6B237D83-603C-42AF-AABE-9A8013EF1805}.Release|ARM.ActiveCfg = Release|Any CPU
		{6B237D83-603C-42AF-AABE-9A8013EF1805}.Release|ARM.Build.0 = Release|Any CPU
		{6B237D83-603C-42AF-AABE-9A8013EF1805}.Release|x64.ActiveCfg = Release|Any CPU
		{6B237D83-603C-42AF-AABE-9A8013EF1805}.Release|x64.Build.0 = Release|Any CPU
		{6B237D83-603C-42AF-AABE-9A8013EF1805}.Release|x86.ActiveCfg = Release|Any CPU
		{6B237D83-603C-42AF-AABE-9A8013EF1805}.Release|x86.Build.0 = Release|Any CPU
		{6FEB923E-1234-4711-A3C2-B976C3AAC70D}.Debug|Any CPU.ActiveCfg = Debug|Any CPU
		{6FEB923E-1234-4711-A3C2-B976C3AAC70D}.Debug|Any CPU.Build.0 = Debug|Any CPU
		{6FEB923E-1234-4711-A3C2-B976C3AAC70D}.Debug|ARM.ActiveCfg = Debug|Any CPU
		{6FEB923E-1234-4711-A3C2-B976C3AAC70D}.Debug|ARM.Build.0 = Debug|Any CPU
		{6FEB923E-1234-4711-A3C2-B976C3AAC70D}.Debug|x64.ActiveCfg = Debug|Any CPU
		{6FEB923E-1234-4711-A3C2-B976C3AAC70D}.Debug|x64.Build.0 = Debug|Any CPU
		{6FEB923E-1234-4711-A3C2-B976C3AAC70D}.Debug|x86.ActiveCfg = Debug|Any CPU
		{6FEB923E-1234-4711-A3C2-B976C3AAC70D}.Debug|x86.Build.0 = Debug|Any CPU
		{6FEB923E-1234-4711-A3C2-B976C3AAC70D}.Release|Any CPU.ActiveCfg = Release|Any CPU
		{6FEB923E-1234-4711-A3C2-B976C3AAC70D}.Release|Any CPU.Build.0 = Release|Any CPU
		{6FEB923E-1234-4711-A3C2-B976C3AAC70D}.Release|ARM.ActiveCfg = Release|Any CPU
		{6FEB923E-1234-4711-A3C2-B976C3AAC70D}.Release|ARM.Build.0 = Release|Any CPU
		{6FEB923E-1234-4711-A3C2-B976C3AAC70D}.Release|x64.ActiveCfg = Release|Any CPU
		{6FEB923E-1234-4711-A3C2-B976C3AAC70D}.Release|x64.Build.0 = Release|Any CPU
		{6FEB923E-1234-4711-A3C2-B976C3AAC70D}.Release|x86.ActiveCfg = Release|Any CPU
		{6FEB923E-1234-4711-A3C2-B976C3AAC70D}.Release|x86.Build.0 = Release|Any CPU
		{5D50B044-36E9-4DA8-8A0B-033D7E575EEA}.Debug|Any CPU.ActiveCfg = Debug|x86
		{5D50B044-36E9-4DA8-8A0B-033D7E575EEA}.Debug|Any CPU.Build.0 = Debug|x86
		{5D50B044-36E9-4DA8-8A0B-033D7E575EEA}.Debug|Any CPU.Deploy.0 = Debug|x86
		{5D50B044-36E9-4DA8-8A0B-033D7E575EEA}.Debug|ARM.ActiveCfg = Debug|ARM
		{5D50B044-36E9-4DA8-8A0B-033D7E575EEA}.Debug|ARM.Build.0 = Debug|ARM
		{5D50B044-36E9-4DA8-8A0B-033D7E575EEA}.Debug|ARM.Deploy.0 = Debug|ARM
		{5D50B044-36E9-4DA8-8A0B-033D7E575EEA}.Debug|x64.ActiveCfg = Debug|x64
		{5D50B044-36E9-4DA8-8A0B-033D7E575EEA}.Debug|x64.Build.0 = Debug|x64
		{5D50B044-36E9-4DA8-8A0B-033D7E575EEA}.Debug|x64.Deploy.0 = Debug|x64
		{5D50B044-36E9-4DA8-8A0B-033D7E575EEA}.Debug|x86.ActiveCfg = Debug|x86
		{5D50B044-36E9-4DA8-8A0B-033D7E575EEA}.Debug|x86.Build.0 = Debug|x86
		{5D50B044-36E9-4DA8-8A0B-033D7E575EEA}.Debug|x86.Deploy.0 = Debug|x86
		{5D50B044-36E9-4DA8-8A0B-033D7E575EEA}.Release|Any CPU.ActiveCfg = Release|x86
		{5D50B044-36E9-4DA8-8A0B-033D7E575EEA}.Release|ARM.ActiveCfg = Release|ARM
		{5D50B044-36E9-4DA8-8A0B-033D7E575EEA}.Release|ARM.Build.0 = Release|ARM
		{5D50B044-36E9-4DA8-8A0B-033D7E575EEA}.Release|ARM.Deploy.0 = Release|ARM
		{5D50B044-36E9-4DA8-8A0B-033D7E575EEA}.Release|x64.ActiveCfg = Release|x64
		{5D50B044-36E9-4DA8-8A0B-033D7E575EEA}.Release|x64.Build.0 = Release|x64
		{5D50B044-36E9-4DA8-8A0B-033D7E575EEA}.Release|x64.Deploy.0 = Release|x64
		{5D50B044-36E9-4DA8-8A0B-033D7E575EEA}.Release|x86.ActiveCfg = Release|x86
		{5D50B044-36E9-4DA8-8A0B-033D7E575EEA}.Release|x86.Build.0 = Release|x86
		{5D50B044-36E9-4DA8-8A0B-033D7E575EEA}.Release|x86.Deploy.0 = Release|x86
		{5EE2034E-0977-42B0-8F9D-5F65BDACCFF4}.Debug|Any CPU.ActiveCfg = Debug|Any CPU
		{5EE2034E-0977-42B0-8F9D-5F65BDACCFF4}.Debug|Any CPU.Build.0 = Debug|Any CPU
		{5EE2034E-0977-42B0-8F9D-5F65BDACCFF4}.Debug|ARM.ActiveCfg = Debug|Any CPU
		{5EE2034E-0977-42B0-8F9D-5F65BDACCFF4}.Debug|ARM.Build.0 = Debug|Any CPU
		{5EE2034E-0977-42B0-8F9D-5F65BDACCFF4}.Debug|x64.ActiveCfg = Debug|Any CPU
		{5EE2034E-0977-42B0-8F9D-5F65BDACCFF4}.Debug|x64.Build.0 = Debug|Any CPU
		{5EE2034E-0977-42B0-8F9D-5F65BDACCFF4}.Debug|x86.ActiveCfg = Debug|Any CPU
		{5EE2034E-0977-42B0-8F9D-5F65BDACCFF4}.Debug|x86.Build.0 = Debug|Any CPU
		{5EE2034E-0977-42B0-8F9D-5F65BDACCFF4}.Release|Any CPU.ActiveCfg = Release|Any CPU
		{5EE2034E-0977-42B0-8F9D-5F65BDACCFF4}.Release|Any CPU.Build.0 = Release|Any CPU
		{5EE2034E-0977-42B0-8F9D-5F65BDACCFF4}.Release|ARM.ActiveCfg = Release|Any CPU
		{5EE2034E-0977-42B0-8F9D-5F65BDACCFF4}.Release|ARM.Build.0 = Release|Any CPU
		{5EE2034E-0977-42B0-8F9D-5F65BDACCFF4}.Release|x64.ActiveCfg = Release|Any CPU
		{5EE2034E-0977-42B0-8F9D-5F65BDACCFF4}.Release|x64.Build.0 = Release|Any CPU
		{5EE2034E-0977-42B0-8F9D-5F65BDACCFF4}.Release|x86.ActiveCfg = Release|Any CPU
		{5EE2034E-0977-42B0-8F9D-5F65BDACCFF4}.Release|x86.Build.0 = Release|Any CPU
		{CF1CD0D5-BF6B-457A-9927-8079FC667CA4}.Debug|Any CPU.ActiveCfg = Debug|Any CPU
		{CF1CD0D5-BF6B-457A-9927-8079FC667CA4}.Debug|Any CPU.Build.0 = Debug|Any CPU
		{CF1CD0D5-BF6B-457A-9927-8079FC667CA4}.Debug|Any CPU.Deploy.0 = Debug|Any CPU
		{CF1CD0D5-BF6B-457A-9927-8079FC667CA4}.Debug|ARM.ActiveCfg = Debug|Any CPU
		{CF1CD0D5-BF6B-457A-9927-8079FC667CA4}.Debug|ARM.Build.0 = Debug|Any CPU
		{CF1CD0D5-BF6B-457A-9927-8079FC667CA4}.Debug|ARM.Deploy.0 = Debug|Any CPU
		{CF1CD0D5-BF6B-457A-9927-8079FC667CA4}.Debug|x64.ActiveCfg = Debug|x64
		{CF1CD0D5-BF6B-457A-9927-8079FC667CA4}.Debug|x64.Build.0 = Debug|x64
		{CF1CD0D5-BF6B-457A-9927-8079FC667CA4}.Debug|x64.Deploy.0 = Debug|x64
		{CF1CD0D5-BF6B-457A-9927-8079FC667CA4}.Debug|x86.ActiveCfg = Debug|x86
		{CF1CD0D5-BF6B-457A-9927-8079FC667CA4}.Debug|x86.Build.0 = Debug|x86
		{CF1CD0D5-BF6B-457A-9927-8079FC667CA4}.Debug|x86.Deploy.0 = Debug|x86
		{CF1CD0D5-BF6B-457A-9927-8079FC667CA4}.Release|Any CPU.ActiveCfg = Release|Any CPU
		{CF1CD0D5-BF6B-457A-9927-8079FC667CA4}.Release|Any CPU.Build.0 = Release|Any CPU
		{CF1CD0D5-BF6B-457A-9927-8079FC667CA4}.Release|Any CPU.Deploy.0 = Release|Any CPU
		{CF1CD0D5-BF6B-457A-9927-8079FC667CA4}.Release|ARM.ActiveCfg = Release|Any CPU
		{CF1CD0D5-BF6B-457A-9927-8079FC667CA4}.Release|ARM.Build.0 = Release|Any CPU
		{CF1CD0D5-BF6B-457A-9927-8079FC667CA4}.Release|ARM.Deploy.0 = Release|Any CPU
		{CF1CD0D5-BF6B-457A-9927-8079FC667CA4}.Release|x64.ActiveCfg = Release|Any CPU
		{CF1CD0D5-BF6B-457A-9927-8079FC667CA4}.Release|x64.Build.0 = Release|Any CPU
		{CF1CD0D5-BF6B-457A-9927-8079FC667CA4}.Release|x64.Deploy.0 = Release|Any CPU
		{CF1CD0D5-BF6B-457A-9927-8079FC667CA4}.Release|x86.ActiveCfg = Release|Any CPU
		{CF1CD0D5-BF6B-457A-9927-8079FC667CA4}.Release|x86.Build.0 = Release|Any CPU
		{CF1CD0D5-BF6B-457A-9927-8079FC667CA4}.Release|x86.Deploy.0 = Release|Any CPU
		{626BEE3A-EB2F-415F-9E30-9AAF6B9C430A}.Debug|Any CPU.ActiveCfg = Debug|Any CPU
		{626BEE3A-EB2F-415F-9E30-9AAF6B9C430A}.Debug|Any CPU.Build.0 = Debug|Any CPU
		{626BEE3A-EB2F-415F-9E30-9AAF6B9C430A}.Debug|ARM.ActiveCfg = Debug|ARM
		{626BEE3A-EB2F-415F-9E30-9AAF6B9C430A}.Debug|ARM.Build.0 = Debug|ARM
		{626BEE3A-EB2F-415F-9E30-9AAF6B9C430A}.Debug|x64.ActiveCfg = Debug|x64
		{626BEE3A-EB2F-415F-9E30-9AAF6B9C430A}.Debug|x64.Build.0 = Debug|x64
		{626BEE3A-EB2F-415F-9E30-9AAF6B9C430A}.Debug|x86.ActiveCfg = Debug|x86
		{626BEE3A-EB2F-415F-9E30-9AAF6B9C430A}.Debug|x86.Build.0 = Debug|x86
		{626BEE3A-EB2F-415F-9E30-9AAF6B9C430A}.Release|Any CPU.ActiveCfg = Release|Any CPU
		{626BEE3A-EB2F-415F-9E30-9AAF6B9C430A}.Release|Any CPU.Build.0 = Release|Any CPU
		{626BEE3A-EB2F-415F-9E30-9AAF6B9C430A}.Release|ARM.ActiveCfg = Release|ARM
		{626BEE3A-EB2F-415F-9E30-9AAF6B9C430A}.Release|ARM.Build.0 = Release|ARM
		{626BEE3A-EB2F-415F-9E30-9AAF6B9C430A}.Release|x64.ActiveCfg = Release|x64
		{626BEE3A-EB2F-415F-9E30-9AAF6B9C430A}.Release|x64.Build.0 = Release|x64
		{626BEE3A-EB2F-415F-9E30-9AAF6B9C430A}.Release|x86.ActiveCfg = Release|x86
		{626BEE3A-EB2F-415F-9E30-9AAF6B9C430A}.Release|x86.Build.0 = Release|x86
		{9E96F63A-7E37-4F90-B9A2-93DA25E663A1}.Debug|Any CPU.ActiveCfg = Debug|Any CPU
		{9E96F63A-7E37-4F90-B9A2-93DA25E663A1}.Debug|Any CPU.Build.0 = Debug|Any CPU
		{9E96F63A-7E37-4F90-B9A2-93DA25E663A1}.Debug|ARM.ActiveCfg = Debug|Any CPU
		{9E96F63A-7E37-4F90-B9A2-93DA25E663A1}.Debug|ARM.Build.0 = Debug|Any CPU
		{9E96F63A-7E37-4F90-B9A2-93DA25E663A1}.Debug|x64.ActiveCfg = Debug|Any CPU
		{9E96F63A-7E37-4F90-B9A2-93DA25E663A1}.Debug|x64.Build.0 = Debug|Any CPU
		{9E96F63A-7E37-4F90-B9A2-93DA25E663A1}.Debug|x86.ActiveCfg = Debug|Any CPU
		{9E96F63A-7E37-4F90-B9A2-93DA25E663A1}.Debug|x86.Build.0 = Debug|Any CPU
		{9E96F63A-7E37-4F90-B9A2-93DA25E663A1}.Release|Any CPU.ActiveCfg = Release|Any CPU
		{9E96F63A-7E37-4F90-B9A2-93DA25E663A1}.Release|Any CPU.Build.0 = Release|Any CPU
		{9E96F63A-7E37-4F90-B9A2-93DA25E663A1}.Release|ARM.ActiveCfg = Release|Any CPU
		{9E96F63A-7E37-4F90-B9A2-93DA25E663A1}.Release|ARM.Build.0 = Release|Any CPU
		{9E96F63A-7E37-4F90-B9A2-93DA25E663A1}.Release|x64.ActiveCfg = Release|Any CPU
		{9E96F63A-7E37-4F90-B9A2-93DA25E663A1}.Release|x64.Build.0 = Release|Any CPU
		{9E96F63A-7E37-4F90-B9A2-93DA25E663A1}.Release|x86.ActiveCfg = Release|Any CPU
		{9E96F63A-7E37-4F90-B9A2-93DA25E663A1}.Release|x86.Build.0 = Release|Any CPU
		{4497E847-8611-4545-BDBE-CE9744C7013C}.Debug|Any CPU.ActiveCfg = Debug|Win32
		{4497E847-8611-4545-BDBE-CE9744C7013C}.Debug|ARM.ActiveCfg = Debug|ARM
		{4497E847-8611-4545-BDBE-CE9744C7013C}.Debug|ARM.Build.0 = Debug|ARM
		{4497E847-8611-4545-BDBE-CE9744C7013C}.Debug|ARM.Deploy.0 = Debug|ARM
		{4497E847-8611-4545-BDBE-CE9744C7013C}.Debug|x64.ActiveCfg = Debug|x64
		{4497E847-8611-4545-BDBE-CE9744C7013C}.Debug|x64.Build.0 = Debug|x64
		{4497E847-8611-4545-BDBE-CE9744C7013C}.Debug|x64.Deploy.0 = Debug|x64
		{4497E847-8611-4545-BDBE-CE9744C7013C}.Debug|x86.ActiveCfg = Debug|Win32
		{4497E847-8611-4545-BDBE-CE9744C7013C}.Debug|x86.Build.0 = Debug|Win32
		{4497E847-8611-4545-BDBE-CE9744C7013C}.Debug|x86.Deploy.0 = Debug|Win32
		{4497E847-8611-4545-BDBE-CE9744C7013C}.Release|Any CPU.ActiveCfg = Release|Win32
		{4497E847-8611-4545-BDBE-CE9744C7013C}.Release|ARM.ActiveCfg = Release|ARM
		{4497E847-8611-4545-BDBE-CE9744C7013C}.Release|ARM.Build.0 = Release|ARM
		{4497E847-8611-4545-BDBE-CE9744C7013C}.Release|ARM.Deploy.0 = Release|ARM
		{4497E847-8611-4545-BDBE-CE9744C7013C}.Release|x64.ActiveCfg = Release|x64
		{4497E847-8611-4545-BDBE-CE9744C7013C}.Release|x64.Build.0 = Release|x64
		{4497E847-8611-4545-BDBE-CE9744C7013C}.Release|x64.Deploy.0 = Release|x64
		{4497E847-8611-4545-BDBE-CE9744C7013C}.Release|x86.ActiveCfg = Release|Win32
		{4497E847-8611-4545-BDBE-CE9744C7013C}.Release|x86.Build.0 = Release|Win32
		{4497E847-8611-4545-BDBE-CE9744C7013C}.Release|x86.Deploy.0 = Release|Win32
	EndGlobalSection
	GlobalSection(SolutionProperties) = preSolution
		HideSolutionNode = FALSE
	EndGlobalSection
	GlobalSection(NestedProjects) = preSolution
		{6B237D83-603C-42AF-AABE-9A8013EF1805} = {ACDE7462-3C55-4C60-B24C-7F81D4853749}
		{6FEB923E-1234-4711-A3C2-B976C3AAC70D} = {FB3E9470-91D9-4799-9C29-4264278BC222}
		{5D50B044-36E9-4DA8-8A0B-033D7E575EEA} = {5FADF291-CCF7-43C0-8578-54C745B509F0}
		{AC970352-5290-4C78-8368-9A0C230F5688} = {3E40FA14-1992-423F-BFE4-25B36A3B19BB}
		{FB3E9470-91D9-4799-9C29-4264278BC222} = {3E40FA14-1992-423F-BFE4-25B36A3B19BB}
		{5FADF291-CCF7-43C0-8578-54C745B509F0} = {3E40FA14-1992-423F-BFE4-25B36A3B19BB}
		{9CFEC98A-4DE7-4234-917D-F56A1695B726} = {3E40FA14-1992-423F-BFE4-25B36A3B19BB}
		{5EE2034E-0977-42B0-8F9D-5F65BDACCFF4} = {07901360-FF94-405E-A999-6CF77AD604A8}
		{2093A3A2-0046-49EB-9E30-9E29D517606C} = {07901360-FF94-405E-A999-6CF77AD604A8}
		{CF1CD0D5-BF6B-457A-9927-8079FC667CA4} = {9CFEC98A-4DE7-4234-917D-F56A1695B726}
		{626BEE3A-EB2F-415F-9E30-9AAF6B9C430A} = {5FADF291-CCF7-43C0-8578-54C745B509F0}
		{9E96F63A-7E37-4F90-B9A2-93DA25E663A1} = {3E40FA14-1992-423F-BFE4-25B36A3B19BB}
		{66496392-9237-4C6D-A9D2-F64F7CB46715} = {3E40FA14-1992-423F-BFE4-25B36A3B19BB}
		{4497E847-8611-4545-BDBE-CE9744C7013C} = {5FADF291-CCF7-43C0-8578-54C745B509F0}
	EndGlobalSection
EndGlobal
