<?xml version="1.0" encoding="utf-8"?>
<Project ToolsVersion="14.0" xmlns="http://schemas.microsoft.com/developer/msbuild/2003">
  <ItemGroup>
    <Filter Include="Resources">
      <UniqueIdentifier>a9360f67-d26a-487b-88e9-e50ea11f1434</UniqueIdentifier>
      <Extensions>rc;ico;cur;bmp;dlg;rc2;rct;bin;rgs;gif;jpg;jpeg;jpe;resx;tga;tiff;tif;png;wav;mfcribbon-ms</Extensions>
    </Filter>
  </ItemGroup>
  <ItemGroup>
    <AppxManifest Include="..\ChatterBox.Client.Universal\package.appxmanifest" />
  </ItemGroup>
  <ItemGroup>
    <ClCompile Include="OutOfProcessHost.cpp" />
  </ItemGroup>
</Project>